
Microsoft Visual Studio Solution File, Format Version 12.00
# Visual Studio Version 17
VisualStudioVersion = 17.8.34316.72
MinimumVisualStudioVersion = 10.0.40219.1
Project("{9A19103F-16F7-4668-BE54-9A1E7A4F7556}") = "natTest", "natTest.csproj", "{94F605B5-86A4-4011-B50D-92ACFC33E9A0}"
EndProject
Global
	GlobalSection(SolutionConfigurationPlatforms) = preSolution
		Debug|Any CPU = Debug|Any CPU
		Release|Any CPU = Release|Any CPU
	EndGlobalSection
	GlobalSection(ProjectConfigurationPlatforms) = postSolution
		{94F605B5-86A4-4011-B50D-92ACFC33E9A0}.Debug|Any CPU.ActiveCfg = Debug|Any CPU
		{94F605B5-86A4-4011-B50D-92ACFC33E9A0}.Debug|Any CPU.Build.0 = Debug|Any CPU
		{94F605B5-86A4-4011-B50D-92ACFC33E9A0}.Release|Any CPU.ActiveCfg = Release|Any CPU
		{94F605B5-86A4-4011-B50D-92ACFC33E9A0}.Release|Any CPU.Build.0 = Release|Any CPU
	EndGlobalSection
	GlobalSection(SolutionProperties) = preSolution
		HideSolutionNode = FALSE
	EndGlobalSection
	GlobalSection(ExtensibilityGlobals) = postSolution
		SolutionGuid = {F84DDB7B-70A4-4C5F-8589-2A87A3A728E2}
	EndGlobalSection
EndGlobal
